
Microsoft Visual Studio Solution File, Format Version 12.00
# Visual Studio Version 17
VisualStudioVersion = 17.0.31903.59
MinimumVisualStudioVersion = 10.0.40219.1
Project("{FAE04EC0-301F-11D3-BF4B-00C04F79EFBC}") = "Xod", "Xod\Xod.csproj", "{AFA5EA41-E986-4BFE-BB97-8882857172B0}"
EndProject
Project("{FAE04EC0-301F-11D3-BF4B-00C04F79EFBC}") = "Xod.Tests", "Xod.Tests\Xod.Tests.csproj", "{C948F4E8-4071-4B5F-9A23-128CCFC32ECC}"
EndProject
Global
	GlobalSection(SolutionConfigurationPlatforms) = preSolution
		Debug|Any CPU = Debug|Any CPU
		Release|Any CPU = Release|Any CPU
	EndGlobalSection
	GlobalSection(SolutionProperties) = preSolution
		HideSolutionNode = FALSE
	EndGlobalSection
	GlobalSection(ProjectConfigurationPlatforms) = postSolution
		{AFA5EA41-E986-4BFE-BB97-8882857172B0}.Debug|Any CPU.ActiveCfg = Debug|Any CPU
		{AFA5EA41-E986-4BFE-BB97-8882857172B0}.Debug|Any CPU.Build.0 = Debug|Any CPU
		{AFA5EA41-E986-4BFE-BB97-8882857172B0}.Release|Any CPU.ActiveCfg = Release|Any CPU
		{AFA5EA41-E986-4BFE-BB97-8882857172B0}.Release|Any CPU.Build.0 = Release|Any CPU
		{C948F4E8-4071-4B5F-9A23-128CCFC32ECC}.Debug|Any CPU.ActiveCfg = Debug|Any CPU
		{C948F4E8-4071-4B5F-9A23-128CCFC32ECC}.Debug|Any CPU.Build.0 = Debug|Any CPU
		{C948F4E8-4071-4B5F-9A23-128CCFC32ECC}.Release|Any CPU.ActiveCfg = Release|Any CPU
		{C948F4E8-4071-4B5F-9A23-128CCFC32ECC}.Release|Any CPU.Build.0 = Release|Any CPU
	EndGlobalSection
EndGlobal
